
Microsoft Visual Studio Solution File, Format Version 12.00
# Visual Studio 15
VisualStudioVersion = 15.0.28307.421
MinimumVisualStudioVersion = 10.0.40219.1
Project("{FAE04EC0-301F-11D3-BF4B-00C04F79EFBC}") = "asp-net-core", "asp-net-core\asp-net-core.csproj", "{91A821BF-BD96-4C87-9B5E-06DCF0B41B7D}"
EndProject
Global
	GlobalSection(SolutionConfigurationPlatforms) = preSolution
		Debug|Any CPU = Debug|Any CPU
		Release|Any CPU = Release|Any CPU
	EndGlobalSection
	GlobalSection(ProjectConfigurationPlatforms) = postSolution
		{91A821BF-BD96-4C87-9B5E-06DCF0B41B7D}.Debug|Any CPU.ActiveCfg = Debug|Any CPU
		{91A821BF-BD96-4C87-9B5E-06DCF0B41B7D}.Debug|Any CPU.Build.0 = Debug|Any CPU
		{91A821BF-BD96-4C87-9B5E-06DCF0B41B7D}.Release|Any CPU.ActiveCfg = Release|Any CPU
		{91A821BF-BD96-4C87-9B5E-06DCF0B41B7D}.Release|Any CPU.Build.0 = Release|Any CPU
	EndGlobalSection
	GlobalSection(SolutionProperties) = preSolution
		HideSolutionNode = FALSE
	EndGlobalSection
	GlobalSection(ExtensibilityGlobals) = postSolution
		SolutionGuid = {5F39DD41-1C48-4580-8A10-9591963CA730}
	EndGlobalSection
EndGlobal
